// !$*UTF8*$!
{
	archiveVersion = 1;
	classes = {
	};
	objectVersion = 51;
	objects = {

/* Begin PBXBuildFile section */
		0202A57326C29E6200A6407E /* InformationKakaoCenterTableViewCell.swift in Sources */ = {isa = PBXBuildFile; fileRef = 0202A57126C29E6200A6407E /* InformationKakaoCenterTableViewCell.swift */; };
		0202A57426C29E6200A6407E /* InformationKakaoCenterTableViewCell.xib in Resources */ = {isa = PBXBuildFile; fileRef = 0202A57226C29E6200A6407E /* InformationKakaoCenterTableViewCell.xib */; };
		0202A57926C2E14300A6407E /* ConsultationInquiryTableViewCell.swift in Sources */ = {isa = PBXBuildFile; fileRef = 0202A57726C2E14300A6407E /* ConsultationInquiryTableViewCell.swift */; };
		0202A57A26C2E14300A6407E /* ConsultationInquiryTableViewCell.xib in Resources */ = {isa = PBXBuildFile; fileRef = 0202A57826C2E14300A6407E /* ConsultationInquiryTableViewCell.xib */; };
		0212E83426B7198C000913C5 /* TalkAlertTitleTableViewCell.swift in Sources */ = {isa = PBXBuildFile; fileRef = 0212E83326B7198C000913C5 /* TalkAlertTitleTableViewCell.swift */; };
		0231824B26B7FBFC00DAC0E9 /* NotiTableViewCell.swift in Sources */ = {isa = PBXBuildFile; fileRef = 0231824926B7FBFC00DAC0E9 /* NotiTableViewCell.swift */; };
		0231824C26B7FBFC00DAC0E9 /* NotiTableViewCell.xib in Resources */ = {isa = PBXBuildFile; fileRef = 0231824A26B7FBFC00DAC0E9 /* NotiTableViewCell.xib */; };
		0231825A26B8001100DAC0E9 /* MyViewController.swift in Sources */ = {isa = PBXBuildFile; fileRef = 0231825926B8001100DAC0E9 /* MyViewController.swift */; };
		0231826326B802ED00DAC0E9 /* SettingTableViewCell.swift in Sources */ = {isa = PBXBuildFile; fileRef = 0231826226B802ED00DAC0E9 /* SettingTableViewCell.swift */; };
		0237E16826B2416200E20A24 /* AllItemTableViewCell.swift in Sources */ = {isa = PBXBuildFile; fileRef = 0237E16626B2416200E20A24 /* AllItemTableViewCell.swift */; };
		0237E16926B2416200E20A24 /* AllItemTableViewCell.xib in Resources */ = {isa = PBXBuildFile; fileRef = 0237E16726B2416200E20A24 /* AllItemTableViewCell.xib */; };
		0237E17826B2859000E20A24 /* OpenItemTableViewCell.swift in Sources */ = {isa = PBXBuildFile; fileRef = 0237E17626B2859000E20A24 /* OpenItemTableViewCell.swift */; };
		0237E17926B2859000E20A24 /* OpenItemTableViewCell.xib in Resources */ = {isa = PBXBuildFile; fileRef = 0237E17726B2859000E20A24 /* OpenItemTableViewCell.xib */; };
		0237E17C26B2D61E00E20A24 /* OpenItemTitleCell.swift in Sources */ = {isa = PBXBuildFile; fileRef = 0237E17B26B2D61E00E20A24 /* OpenItemTitleCell.swift */; };
		023CADE226AE51150092EB89 /* AppDelegate.swift in Sources */ = {isa = PBXBuildFile; fileRef = 023CADE126AE51150092EB89 /* AppDelegate.swift */; };
		023CADE426AE51150092EB89 /* SceneDelegate.swift in Sources */ = {isa = PBXBuildFile; fileRef = 023CADE326AE51150092EB89 /* SceneDelegate.swift */; };
		023CADE926AE51150092EB89 /* Main.storyboard in Resources */ = {isa = PBXBuildFile; fileRef = 023CADE726AE51150092EB89 /* Main.storyboard */; };
		023CADEB26AE51160092EB89 /* Assets.xcassets in Resources */ = {isa = PBXBuildFile; fileRef = 023CADEA26AE51160092EB89 /* Assets.xcassets */; };
		023CADEE26AE51160092EB89 /* LaunchScreen.storyboard in Resources */ = {isa = PBXBuildFile; fileRef = 023CADEC26AE51160092EB89 /* LaunchScreen.storyboard */; };
		023CAE0926AE559C0092EB89 /* Search.storyboard in Resources */ = {isa = PBXBuildFile; fileRef = 023CAE0726AE559C0092EB89 /* Search.storyboard */; };
		023CAE1026AE55BE0092EB89 /* My.storyboard in Resources */ = {isa = PBXBuildFile; fileRef = 023CAE0E26AE55BE0092EB89 /* My.storyboard */; };
		023CAE1626AE56470092EB89 /* Home.storyboard in Resources */ = {isa = PBXBuildFile; fileRef = 023CAE1426AE56470092EB89 /* Home.storyboard */; };
		023CAE1926AE56640092EB89 /* Alarm.storyboard in Resources */ = {isa = PBXBuildFile; fileRef = 023CAE1826AE56640092EB89 /* Alarm.storyboard */; };
		023CAE1D26AE58CA0092EB89 /* HomeViewController.swift in Sources */ = {isa = PBXBuildFile; fileRef = 023CAE1C26AE58CA0092EB89 /* HomeViewController.swift */; };
		023CAE2A26AE59BE0092EB89 /* HomeTabViewController.swift in Sources */ = {isa = PBXBuildFile; fileRef = 023CAE2926AE59BE0092EB89 /* HomeTabViewController.swift */; };
		023CAE3326AE5E750092EB89 /* AlarmViewController.swift in Sources */ = {isa = PBXBuildFile; fileRef = 023CAE3226AE5E750092EB89 /* AlarmViewController.swift */; };
		023CAE3C26AE5F380092EB89 /* NotiTabViewController.swift in Sources */ = {isa = PBXBuildFile; fileRef = 023CAE3B26AE5F380092EB89 /* NotiTabViewController.swift */; };
		023CAE4026AE5F4B0092EB89 /* AlarmDetailTabViewController.swift in Sources */ = {isa = PBXBuildFile; fileRef = 023CAE3F26AE5F4B0092EB89 /* AlarmDetailTabViewController.swift */; };
		023CAE4526AE624A0092EB89 /* DetailAlarmTableViewCell.swift in Sources */ = {isa = PBXBuildFile; fileRef = 023CAE4326AE624A0092EB89 /* DetailAlarmTableViewCell.swift */; };
		023CAE4626AE624A0092EB89 /* DetailAlarmTableViewCell.xib in Resources */ = {isa = PBXBuildFile; fileRef = 023CAE4426AE624A0092EB89 /* DetailAlarmTableViewCell.xib */; };
		024EAB3A26BBB86F002734D6 /* ProductInquiryViewController.swift in Sources */ = {isa = PBXBuildFile; fileRef = 024EAB3626BBB86F002734D6 /* ProductInquiryViewController.swift */; };
		024EAB3B26BBB86F002734D6 /* HelpInquiryViewController.swift in Sources */ = {isa = PBXBuildFile; fileRef = 024EAB3726BBB86F002734D6 /* HelpInquiryViewController.swift */; };
		024EAB3C26BBB86F002734D6 /* HelpViewController.swift in Sources */ = {isa = PBXBuildFile; fileRef = 024EAB3826BBB86F002734D6 /* HelpViewController.swift */; };
		024EAB3D26BBB86F002734D6 /* OneOnOneInquiryViewController.swift in Sources */ = {isa = PBXBuildFile; fileRef = 024EAB3926BBB86F002734D6 /* OneOnOneInquiryViewController.swift */; };
		024EAB4126BBBC57002734D6 /* HomeInquiryTableViewCell.swift in Sources */ = {isa = PBXBuildFile; fileRef = 024EAB4026BBBC57002734D6 /* HomeInquiryTableViewCell.swift */; };
		024EAB4526BBBC80002734D6 /* HomeInquiryCollectionViewCell.swift in Sources */ = {isa = PBXBuildFile; fileRef = 024EAB4326BBBC80002734D6 /* HomeInquiryCollectionViewCell.swift */; };
		024EAB4626BBBC80002734D6 /* HomeInquiryCollectionViewCell.xib in Resources */ = {isa = PBXBuildFile; fileRef = 024EAB4426BBBC80002734D6 /* HomeInquiryCollectionViewCell.xib */; };
		024EAB4A26BBCEE2002734D6 /* QuestionAnswerCellTableViewCell.swift in Sources */ = {isa = PBXBuildFile; fileRef = 024EAB4926BBCEE2002734D6 /* QuestionAnswerCellTableViewCell.swift */; };
		026E40B426B1152F0075A570 /* Extensions.swift in Sources */ = {isa = PBXBuildFile; fileRef = 026E40B326B1152F0075A570 /* Extensions.swift */; };
		026E40C426B125CF0075A570 /* MenuBarTableViewCell.swift in Sources */ = {isa = PBXBuildFile; fileRef = 026E40C326B125CF0075A570 /* MenuBarTableViewCell.swift */; };
		026E40C826B126230075A570 /* MenuBarCollectionViewCell.swift in Sources */ = {isa = PBXBuildFile; fileRef = 026E40C626B126230075A570 /* MenuBarCollectionViewCell.swift */; };
		026E40C926B126230075A570 /* MenuBarCollectionViewCell.xib in Resources */ = {isa = PBXBuildFile; fileRef = 026E40C726B126230075A570 /* MenuBarCollectionViewCell.xib */; };
		027D368426BA52B500E50BE8 /* SettingDetail.storyboard in Resources */ = {isa = PBXBuildFile; fileRef = 027D368326BA52B500E50BE8 /* SettingDetail.storyboard */; };
		027D368F26BA574900E50BE8 /* PushAdTableViewCell.xib in Resources */ = {isa = PBXBuildFile; fileRef = 027D368D26BA574900E50BE8 /* PushAdTableViewCell.xib */; };
		027D369026BA574900E50BE8 /* PushAdTableViewCell.swift in Sources */ = {isa = PBXBuildFile; fileRef = 027D368E26BA574900E50BE8 /* PushAdTableViewCell.swift */; };
		027D369D26BA58FC00E50BE8 /* PushAdViewController.swift in Sources */ = {isa = PBXBuildFile; fileRef = 027D369C26BA58FC00E50BE8 /* PushAdViewController.swift */; };
		027D36A126BA59FF00E50BE8 /* SettingData.swift in Sources */ = {isa = PBXBuildFile; fileRef = 027D36A026BA59FF00E50BE8 /* SettingData.swift */; };
		027D36A626BA5CEE00E50BE8 /* SettingViewController.swift in Sources */ = {isa = PBXBuildFile; fileRef = 027D36A526BA5CEE00E50BE8 /* SettingViewController.swift */; };
		027D36A926BA600300E50BE8 /* CashReceiptViewController.swift in Sources */ = {isa = PBXBuildFile; fileRef = 027D36A826BA600300E50BE8 /* CashReceiptViewController.swift */; };
		027D36BB26BA831600E50BE8 /* RefundManagementViewController.swift in Sources */ = {isa = PBXBuildFile; fileRef = 027D36BA26BA831600E50BE8 /* RefundManagementViewController.swift */; };
		027D36F826BAD5DB00E50BE8 /* OpenSourceLicenseViewController.swift in Sources */ = {isa = PBXBuildFile; fileRef = 027D36F726BAD5DB00E50BE8 /* OpenSourceLicenseViewController.swift */; };
		027D36FB26BADA7100E50BE8 /* PersonalInformProcessingPolicyViewController.swift in Sources */ = {isa = PBXBuildFile; fileRef = 027D36FA26BADA7100E50BE8 /* PersonalInformProcessingPolicyViewController.swift */; };
		028ECF5626C3716000D74716 /* ItemData.swift in Sources */ = {isa = PBXBuildFile; fileRef = 028ECF5226C3716000D74716 /* ItemData.swift */; };
		028ECF5726C3716000D74716 /* RecentReadTabViewController.swift in Sources */ = {isa = PBXBuildFile; fileRef = 028ECF5326C3716000D74716 /* RecentReadTabViewController.swift */; };
		028ECF5826C3716000D74716 /* LikeTabViewController.swift in Sources */ = {isa = PBXBuildFile; fileRef = 028ECF5426C3716000D74716 /* LikeTabViewController.swift */; };
		028ECF5926C3716000D74716 /* OpenTabViewController.swift in Sources */ = {isa = PBXBuildFile; fileRef = 028ECF5526C3716000D74716 /* OpenTabViewController.swift */; };
		028ECF5B26C371EF00D74716 /* EntireViewController.swift in Sources */ = {isa = PBXBuildFile; fileRef = 028ECF5A26C371EF00D74716 /* EntireViewController.swift */; };
		028ECF5D26C371FF00D74716 /* NewViewController.swift in Sources */ = {isa = PBXBuildFile; fileRef = 028ECF5C26C371FF00D74716 /* NewViewController.swift */; };
		028ECF5F26C3723000D74716 /* CategoryViewController.swift in Sources */ = {isa = PBXBuildFile; fileRef = 028ECF5E26C3723000D74716 /* CategoryViewController.swift */; };
		028ECF6126C3726E00D74716 /* InsidersViewController.swift in Sources */ = {isa = PBXBuildFile; fileRef = 028ECF6026C3726E00D74716 /* InsidersViewController.swift */; };
		028ECF6A26C3BC4800D74716 /* CategoryAppleViewController.swift in Sources */ = {isa = PBXBuildFile; fileRef = 028ECF6926C3BC4800D74716 /* CategoryAppleViewController.swift */; };
		028ECF6C26C3BC5300D74716 /* CategorySamsungViewController.swift in Sources */ = {isa = PBXBuildFile; fileRef = 028ECF6B26C3BC5300D74716 /* CategorySamsungViewController.swift */; };
		028ECF6F26C3CC4D00D74716 /* AppleItemCollectionViewCell.swift in Sources */ = {isa = PBXBuildFile; fileRef = 028ECF6D26C3CC4D00D74716 /* AppleItemCollectionViewCell.swift */; };
		028ECF7026C3CC4D00D74716 /* AppleItemCollectionViewCell.xib in Resources */ = {isa = PBXBuildFile; fileRef = 028ECF6E26C3CC4D00D74716 /* AppleItemCollectionViewCell.xib */; };
		028ECF7226C4155800D74716 /* CategoryHuaweiViewController.swift in Sources */ = {isa = PBXBuildFile; fileRef = 028ECF7126C4155800D74716 /* CategoryHuaweiViewController.swift */; };
		028ECF7426C4156300D74716 /* CategoryVivoViewController.swift in Sources */ = {isa = PBXBuildFile; fileRef = 028ECF7326C4156300D74716 /* CategoryVivoViewController.swift */; };
		028ECF7626C4158B00D74716 /* CategoryXiaomiViewController.swift in Sources */ = {isa = PBXBuildFile; fileRef = 028ECF7526C4158B00D74716 /* CategoryXiaomiViewController.swift */; };
		028ECF7826C41A4B00D74716 /* RecentAllDeleteTableViewCell.swift in Sources */ = {isa = PBXBuildFile; fileRef = 028ECF7726C41A4B00D74716 /* RecentAllDeleteTableViewCell.swift */; };
		028ECF7B26C41BE500D74716 /* RecentViewListTableViewCell.swift in Sources */ = {isa = PBXBuildFile; fileRef = 028ECF7926C41BE500D74716 /* RecentViewListTableViewCell.swift */; };
		028ECF7C26C41BE500D74716 /* RecentViewListTableViewCell.xib in Resources */ = {isa = PBXBuildFile; fileRef = 028ECF7A26C41BE500D74716 /* RecentViewListTableViewCell.xib */; };
		028ECF8326C43E6800D74716 /* LoginViewController.swift in Sources */ = {isa = PBXBuildFile; fileRef = 028ECF8226C43E6800D74716 /* LoginViewController.swift */; };
		028ECF8826C441C200D74716 /* RecentAddKakaoChannelTableViewCell.swift in Sources */ = {isa = PBXBuildFile; fileRef = 028ECF8626C441C200D74716 /* RecentAddKakaoChannelTableViewCell.swift */; };
		028ECF8926C441C200D74716 /* RecentAddKakaoChannelTableViewCell.xib in Resources */ = {isa = PBXBuildFile; fileRef = 028ECF8726C441C200D74716 /* RecentAddKakaoChannelTableViewCell.xib */; };
		028ECF8C26C446F300D74716 /* RecentInquiryTableViewCell.swift in Sources */ = {isa = PBXBuildFile; fileRef = 028ECF8A26C446F300D74716 /* RecentInquiryTableViewCell.swift */; };
		028ECF8D26C446F300D74716 /* RecentInquiryTableViewCell.xib in Resources */ = {isa = PBXBuildFile; fileRef = 028ECF8B26C446F300D74716 /* RecentInquiryTableViewCell.xib */; };
		028ECF9026C4484100D74716 /* RecentIntroduceShareTableViewCell.swift in Sources */ = {isa = PBXBuildFile; fileRef = 028ECF8E26C4484100D74716 /* RecentIntroduceShareTableViewCell.swift */; };
		028ECF9126C4484100D74716 /* RecentIntroduceShareTableViewCell.xib in Resources */ = {isa = PBXBuildFile; fileRef = 028ECF8F26C4484100D74716 /* RecentIntroduceShareTableViewCell.xib */; };
		029CBE7026BCF94900046EEC /* SearchViewController.swift in Sources */ = {isa = PBXBuildFile; fileRef = 029CBE6F26BCF94900046EEC /* SearchViewController.swift */; };
		029CBE7526BCFBA600046EEC /* ThisWeekNewProductTableViewCell.swift in Sources */ = {isa = PBXBuildFile; fileRef = 029CBE7426BCFBA600046EEC /* ThisWeekNewProductTableViewCell.swift */; };
		029CBE7826BCFDC700046EEC /* ThisWeekNewProductCollectionViewCell.swift in Sources */ = {isa = PBXBuildFile; fileRef = 029CBE7626BCFDC700046EEC /* ThisWeekNewProductCollectionViewCell.swift */; };
		029CBE7926BCFDC700046EEC /* ThisWeekNewProductCollectionViewCell.xib in Resources */ = {isa = PBXBuildFile; fileRef = 029CBE7726BCFDC700046EEC /* ThisWeekNewProductCollectionViewCell.xib */; };
		029CBE7B26BD049D00046EEC /* SearchData.swift in Sources */ = {isa = PBXBuildFile; fileRef = 029CBE7A26BD049D00046EEC /* SearchData.swift */; };
		029CBE7D26BD0F6100046EEC /* RefreshTableViewCell.swift in Sources */ = {isa = PBXBuildFile; fileRef = 029CBE7C26BD0F6100046EEC /* RefreshTableViewCell.swift */; };
		029CBE7F26BD113B00046EEC /* CategoryTableViewCell.swift in Sources */ = {isa = PBXBuildFile; fileRef = 029CBE7E26BD113B00046EEC /* CategoryTableViewCell.swift */; };
		029CBE8226BD119D00046EEC /* CategoryCollectionViewCell.swift in Sources */ = {isa = PBXBuildFile; fileRef = 029CBE8026BD119D00046EEC /* CategoryCollectionViewCell.swift */; };
		029CBE8326BD119D00046EEC /* CategoryCollectionViewCell.xib in Resources */ = {isa = PBXBuildFile; fileRef = 029CBE8126BD119D00046EEC /* CategoryCollectionViewCell.xib */; };
		02AE3EEE26BD3C66003D8278 /* InformationKakaoTableViewCell.swift in Sources */ = {isa = PBXBuildFile; fileRef = 02AE3EEC26BD3C66003D8278 /* InformationKakaoTableViewCell.swift */; };
		02AE3EEF26BD3C66003D8278 /* InformationKakaoTableViewCell.xib in Resources */ = {isa = PBXBuildFile; fileRef = 02AE3EED26BD3C66003D8278 /* InformationKakaoTableViewCell.xib */; };
		02AE3EF226BD4ADB003D8278 /* ProductsAPI.swift in Sources */ = {isa = PBXBuildFile; fileRef = 02AE3EF126BD4ADB003D8278 /* ProductsAPI.swift */; };
		02AE3EF626BD4D1C003D8278 /* ProductsNetworkManager.swift in Sources */ = {isa = PBXBuildFile; fileRef = 02AE3EF526BD4D1C003D8278 /* ProductsNetworkManager.swift */; };
		02AE3EF826BD4D6D003D8278 /* Products.swift in Sources */ = {isa = PBXBuildFile; fileRef = 02AE3EF726BD4D6D003D8278 /* Products.swift */; };
		02AE3EFB26BD57F0003D8278 /* ProductDetailViewController.swift in Sources */ = {isa = PBXBuildFile; fileRef = 02AE3EFA26BD57F0003D8278 /* ProductDetailViewController.swift */; };
		02B4E90426B77D6C0085802F /* TalkAlertTableViewCell.swift in Sources */ = {isa = PBXBuildFile; fileRef = 02B4E90326B77D6C0085802F /* TalkAlertTableViewCell.swift */; };
		02B4E90826B77D7A0085802F /* TalkAlertCollectionViewCell.swift in Sources */ = {isa = PBXBuildFile; fileRef = 02B4E90626B77D7A0085802F /* TalkAlertCollectionViewCell.swift */; };
		02B4E90926B77D7A0085802F /* TalkAlertCollectionViewCell.xib in Resources */ = {isa = PBXBuildFile; fileRef = 02B4E90726B77D7A0085802F /* TalkAlertCollectionViewCell.xib */; };
		02B4E90D26B78DE90085802F /* LikeItemCollectionViewCell.swift in Sources */ = {isa = PBXBuildFile; fileRef = 02B4E90B26B78DE90085802F /* LikeItemCollectionViewCell.swift */; };
		02B4E90E26B78DE90085802F /* LikeItemCollectionViewCell.xib in Resources */ = {isa = PBXBuildFile; fileRef = 02B4E90C26B78DE90085802F /* LikeItemCollectionViewCell.xib */; };
		02B4E91126B794E50085802F /* LikeTableViewCell.swift in Sources */ = {isa = PBXBuildFile; fileRef = 02B4E91026B794E50085802F /* LikeTableViewCell.swift */; };
		02B4E91826B7B1350085802F /* AlertData.swift in Sources */ = {isa = PBXBuildFile; fileRef = 02B4E91726B7B1350085802F /* AlertData.swift */; };
		51D2F2128754D7E6527A8186 /* Pods_KakaoMakers.framework in Frameworks */ = {isa = PBXBuildFile; fileRef = 021EDC51AD7675DF4699E461 /* Pods_KakaoMakers.framework */; };
/* End PBXBuildFile section */

/* Begin PBXFileReference section */
		0202A57126C29E6200A6407E /* InformationKakaoCenterTableViewCell.swift */ = {isa = PBXFileReference; lastKnownFileType = sourcecode.swift; path = InformationKakaoCenterTableViewCell.swift; sourceTree = "<group>"; };
		0202A57226C29E6200A6407E /* InformationKakaoCenterTableViewCell.xib */ = {isa = PBXFileReference; lastKnownFileType = file.xib; path = InformationKakaoCenterTableViewCell.xib; sourceTree = "<group>"; };
		0202A57726C2E14300A6407E /* ConsultationInquiryTableViewCell.swift */ = {isa = PBXFileReference; lastKnownFileType = sourcecode.swift; path = ConsultationInquiryTableViewCell.swift; sourceTree = "<group>"; };
		0202A57826C2E14300A6407E /* ConsultationInquiryTableViewCell.xib */ = {isa = PBXFileReference; lastKnownFileType = file.xib; path = ConsultationInquiryTableViewCell.xib; sourceTree = "<group>"; };
		0212E83326B7198C000913C5 /* TalkAlertTitleTableViewCell.swift */ = {isa = PBXFileReference; lastKnownFileType = sourcecode.swift; path = TalkAlertTitleTableViewCell.swift; sourceTree = "<group>"; };
		021EDC51AD7675DF4699E461 /* Pods_KakaoMakers.framework */ = {isa = PBXFileReference; explicitFileType = wrapper.framework; includeInIndex = 0; path = Pods_KakaoMakers.framework; sourceTree = BUILT_PRODUCTS_DIR; };
		0231824926B7FBFC00DAC0E9 /* NotiTableViewCell.swift */ = {isa = PBXFileReference; lastKnownFileType = sourcecode.swift; path = NotiTableViewCell.swift; sourceTree = "<group>"; };
		0231824A26B7FBFC00DAC0E9 /* NotiTableViewCell.xib */ = {isa = PBXFileReference; lastKnownFileType = file.xib; path = NotiTableViewCell.xib; sourceTree = "<group>"; };
		0231825926B8001100DAC0E9 /* MyViewController.swift */ = {isa = PBXFileReference; lastKnownFileType = sourcecode.swift; path = MyViewController.swift; sourceTree = "<group>"; };
		0231826226B802ED00DAC0E9 /* SettingTableViewCell.swift */ = {isa = PBXFileReference; lastKnownFileType = sourcecode.swift; path = SettingTableViewCell.swift; sourceTree = "<group>"; };
		0237E16626B2416200E20A24 /* AllItemTableViewCell.swift */ = {isa = PBXFileReference; lastKnownFileType = sourcecode.swift; path = AllItemTableViewCell.swift; sourceTree = "<group>"; };
		0237E16726B2416200E20A24 /* AllItemTableViewCell.xib */ = {isa = PBXFileReference; lastKnownFileType = file.xib; path = AllItemTableViewCell.xib; sourceTree = "<group>"; };
		0237E17626B2859000E20A24 /* OpenItemTableViewCell.swift */ = {isa = PBXFileReference; lastKnownFileType = sourcecode.swift; path = OpenItemTableViewCell.swift; sourceTree = "<group>"; };
		0237E17726B2859000E20A24 /* OpenItemTableViewCell.xib */ = {isa = PBXFileReference; lastKnownFileType = file.xib; path = OpenItemTableViewCell.xib; sourceTree = "<group>"; };
		0237E17B26B2D61E00E20A24 /* OpenItemTitleCell.swift */ = {isa = PBXFileReference; lastKnownFileType = sourcecode.swift; path = OpenItemTitleCell.swift; sourceTree = "<group>"; };
		023CADDE26AE51150092EB89 /* KakaoMakers.app */ = {isa = PBXFileReference; explicitFileType = wrapper.application; includeInIndex = 0; path = KakaoMakers.app; sourceTree = BUILT_PRODUCTS_DIR; };
		023CADE126AE51150092EB89 /* AppDelegate.swift */ = {isa = PBXFileReference; lastKnownFileType = sourcecode.swift; path = AppDelegate.swift; sourceTree = "<group>"; };
		023CADE326AE51150092EB89 /* SceneDelegate.swift */ = {isa = PBXFileReference; lastKnownFileType = sourcecode.swift; path = SceneDelegate.swift; sourceTree = "<group>"; };
		023CADE826AE51150092EB89 /* Base */ = {isa = PBXFileReference; lastKnownFileType = file.storyboard; name = Base; path = Base.lproj/Main.storyboard; sourceTree = "<group>"; };
		023CADEA26AE51160092EB89 /* Assets.xcassets */ = {isa = PBXFileReference; lastKnownFileType = folder.assetcatalog; path = Assets.xcassets; sourceTree = "<group>"; };
		023CADED26AE51160092EB89 /* Base */ = {isa = PBXFileReference; lastKnownFileType = file.storyboard; name = Base; path = Base.lproj/LaunchScreen.storyboard; sourceTree = "<group>"; };
		023CADEF26AE51160092EB89 /* Info.plist */ = {isa = PBXFileReference; lastKnownFileType = text.plist.xml; path = Info.plist; sourceTree = "<group>"; };
		023CAE0826AE559C0092EB89 /* Base */ = {isa = PBXFileReference; lastKnownFileType = file.storyboard; name = Base; path = Base.lproj/Search.storyboard; sourceTree = "<group>"; };
		023CAE0F26AE55BE0092EB89 /* Base */ = {isa = PBXFileReference; lastKnownFileType = file.storyboard; name = Base; path = Base.lproj/My.storyboard; sourceTree = "<group>"; };
		023CAE1526AE56470092EB89 /* Base */ = {isa = PBXFileReference; lastKnownFileType = file.storyboard; name = Base; path = Base.lproj/Home.storyboard; sourceTree = "<group>"; };
		023CAE1826AE56640092EB89 /* Alarm.storyboard */ = {isa = PBXFileReference; fileEncoding = 4; lastKnownFileType = file.storyboard; path = Alarm.storyboard; sourceTree = SOURCE_ROOT; };
		023CAE1C26AE58CA0092EB89 /* HomeViewController.swift */ = {isa = PBXFileReference; lastKnownFileType = sourcecode.swift; path = HomeViewController.swift; sourceTree = "<group>"; };
		023CAE2926AE59BE0092EB89 /* HomeTabViewController.swift */ = {isa = PBXFileReference; lastKnownFileType = sourcecode.swift; path = HomeTabViewController.swift; sourceTree = "<group>"; };
		023CAE3226AE5E750092EB89 /* AlarmViewController.swift */ = {isa = PBXFileReference; lastKnownFileType = sourcecode.swift; path = AlarmViewController.swift; sourceTree = "<group>"; };
		023CAE3B26AE5F380092EB89 /* NotiTabViewController.swift */ = {isa = PBXFileReference; lastKnownFileType = sourcecode.swift; path = NotiTabViewController.swift; sourceTree = "<group>"; };
		023CAE3F26AE5F4B0092EB89 /* AlarmDetailTabViewController.swift */ = {isa = PBXFileReference; lastKnownFileType = sourcecode.swift; path = AlarmDetailTabViewController.swift; sourceTree = "<group>"; };
		023CAE4326AE624A0092EB89 /* DetailAlarmTableViewCell.swift */ = {isa = PBXFileReference; lastKnownFileType = sourcecode.swift; path = DetailAlarmTableViewCell.swift; sourceTree = "<group>"; };
		023CAE4426AE624A0092EB89 /* DetailAlarmTableViewCell.xib */ = {isa = PBXFileReference; lastKnownFileType = file.xib; path = DetailAlarmTableViewCell.xib; sourceTree = "<group>"; };
		024EAB3626BBB86F002734D6 /* ProductInquiryViewController.swift */ = {isa = PBXFileReference; fileEncoding = 4; lastKnownFileType = sourcecode.swift; path = ProductInquiryViewController.swift; sourceTree = "<group>"; };
		024EAB3726BBB86F002734D6 /* HelpInquiryViewController.swift */ = {isa = PBXFileReference; fileEncoding = 4; lastKnownFileType = sourcecode.swift; path = HelpInquiryViewController.swift; sourceTree = "<group>"; };
		024EAB3826BBB86F002734D6 /* HelpViewController.swift */ = {isa = PBXFileReference; fileEncoding = 4; lastKnownFileType = sourcecode.swift; path = HelpViewController.swift; sourceTree = "<group>"; };
		024EAB3926BBB86F002734D6 /* OneOnOneInquiryViewController.swift */ = {isa = PBXFileReference; fileEncoding = 4; lastKnownFileType = sourcecode.swift; path = OneOnOneInquiryViewController.swift; sourceTree = "<group>"; };
		024EAB4026BBBC57002734D6 /* HomeInquiryTableViewCell.swift */ = {isa = PBXFileReference; lastKnownFileType = sourcecode.swift; path = HomeInquiryTableViewCell.swift; sourceTree = "<group>"; };
		024EAB4326BBBC80002734D6 /* HomeInquiryCollectionViewCell.swift */ = {isa = PBXFileReference; lastKnownFileType = sourcecode.swift; path = HomeInquiryCollectionViewCell.swift; sourceTree = "<group>"; };
		024EAB4426BBBC80002734D6 /* HomeInquiryCollectionViewCell.xib */ = {isa = PBXFileReference; lastKnownFileType = file.xib; path = HomeInquiryCollectionViewCell.xib; sourceTree = "<group>"; };
		024EAB4926BBCEE2002734D6 /* QuestionAnswerCellTableViewCell.swift */ = {isa = PBXFileReference; lastKnownFileType = sourcecode.swift; path = QuestionAnswerCellTableViewCell.swift; sourceTree = "<group>"; };
		026E40B326B1152F0075A570 /* Extensions.swift */ = {isa = PBXFileReference; lastKnownFileType = sourcecode.swift; path = Extensions.swift; sourceTree = "<group>"; };
		026E40C326B125CF0075A570 /* MenuBarTableViewCell.swift */ = {isa = PBXFileReference; lastKnownFileType = sourcecode.swift; path = MenuBarTableViewCell.swift; sourceTree = "<group>"; };
		026E40C626B126230075A570 /* MenuBarCollectionViewCell.swift */ = {isa = PBXFileReference; lastKnownFileType = sourcecode.swift; path = MenuBarCollectionViewCell.swift; sourceTree = "<group>"; };
		026E40C726B126230075A570 /* MenuBarCollectionViewCell.xib */ = {isa = PBXFileReference; lastKnownFileType = file.xib; path = MenuBarCollectionViewCell.xib; sourceTree = "<group>"; };
		027D368326BA52B500E50BE8 /* SettingDetail.storyboard */ = {isa = PBXFileReference; lastKnownFileType = file.storyboard; path = SettingDetail.storyboard; sourceTree = "<group>"; };
		027D368D26BA574900E50BE8 /* PushAdTableViewCell.xib */ = {isa = PBXFileReference; fileEncoding = 4; lastKnownFileType = file.xib; path = PushAdTableViewCell.xib; sourceTree = "<group>"; };
		027D368E26BA574900E50BE8 /* PushAdTableViewCell.swift */ = {isa = PBXFileReference; fileEncoding = 4; lastKnownFileType = sourcecode.swift; path = PushAdTableViewCell.swift; sourceTree = "<group>"; };
		027D369C26BA58FC00E50BE8 /* PushAdViewController.swift */ = {isa = PBXFileReference; lastKnownFileType = sourcecode.swift; path = PushAdViewController.swift; sourceTree = "<group>"; };
		027D36A026BA59FF00E50BE8 /* SettingData.swift */ = {isa = PBXFileReference; lastKnownFileType = sourcecode.swift; path = SettingData.swift; sourceTree = "<group>"; };
		027D36A526BA5CEE00E50BE8 /* SettingViewController.swift */ = {isa = PBXFileReference; fileEncoding = 4; lastKnownFileType = sourcecode.swift; path = SettingViewController.swift; sourceTree = "<group>"; };
		027D36A826BA600300E50BE8 /* CashReceiptViewController.swift */ = {isa = PBXFileReference; lastKnownFileType = sourcecode.swift; path = CashReceiptViewController.swift; sourceTree = "<group>"; };
		027D36BA26BA831600E50BE8 /* RefundManagementViewController.swift */ = {isa = PBXFileReference; lastKnownFileType = sourcecode.swift; path = RefundManagementViewController.swift; sourceTree = "<group>"; };
		027D36F726BAD5DB00E50BE8 /* OpenSourceLicenseViewController.swift */ = {isa = PBXFileReference; lastKnownFileType = sourcecode.swift; path = OpenSourceLicenseViewController.swift; sourceTree = "<group>"; };
		027D36FA26BADA7100E50BE8 /* PersonalInformProcessingPolicyViewController.swift */ = {isa = PBXFileReference; lastKnownFileType = sourcecode.swift; path = PersonalInformProcessingPolicyViewController.swift; sourceTree = "<group>"; };
		028ECF5226C3716000D74716 /* ItemData.swift */ = {isa = PBXFileReference; fileEncoding = 4; lastKnownFileType = sourcecode.swift; path = ItemData.swift; sourceTree = "<group>"; };
		028ECF5326C3716000D74716 /* RecentReadTabViewController.swift */ = {isa = PBXFileReference; fileEncoding = 4; lastKnownFileType = sourcecode.swift; path = RecentReadTabViewController.swift; sourceTree = "<group>"; };
		028ECF5426C3716000D74716 /* LikeTabViewController.swift */ = {isa = PBXFileReference; fileEncoding = 4; lastKnownFileType = sourcecode.swift; path = LikeTabViewController.swift; sourceTree = "<group>"; };
		028ECF5526C3716000D74716 /* OpenTabViewController.swift */ = {isa = PBXFileReference; fileEncoding = 4; lastKnownFileType = sourcecode.swift; path = OpenTabViewController.swift; sourceTree = "<group>"; };
		028ECF5A26C371EF00D74716 /* EntireViewController.swift */ = {isa = PBXFileReference; lastKnownFileType = sourcecode.swift; path = EntireViewController.swift; sourceTree = "<group>"; };
		028ECF5C26C371FF00D74716 /* NewViewController.swift */ = {isa = PBXFileReference; lastKnownFileType = sourcecode.swift; path = NewViewController.swift; sourceTree = "<group>"; };
		028ECF5E26C3723000D74716 /* CategoryViewController.swift */ = {isa = PBXFileReference; lastKnownFileType = sourcecode.swift; path = CategoryViewController.swift; sourceTree = "<group>"; };
		028ECF6026C3726E00D74716 /* InsidersViewController.swift */ = {isa = PBXFileReference; lastKnownFileType = sourcecode.swift; path = InsidersViewController.swift; sourceTree = "<group>"; };
		028ECF6926C3BC4800D74716 /* CategoryAppleViewController.swift */ = {isa = PBXFileReference; lastKnownFileType = sourcecode.swift; path = CategoryAppleViewController.swift; sourceTree = "<group>"; };
		028ECF6B26C3BC5300D74716 /* CategorySamsungViewController.swift */ = {isa = PBXFileReference; lastKnownFileType = sourcecode.swift; path = CategorySamsungViewController.swift; sourceTree = "<group>"; };
		028ECF6D26C3CC4D00D74716 /* AppleItemCollectionViewCell.swift */ = {isa = PBXFileReference; lastKnownFileType = sourcecode.swift; path = AppleItemCollectionViewCell.swift; sourceTree = "<group>"; };
		028ECF6E26C3CC4D00D74716 /* AppleItemCollectionViewCell.xib */ = {isa = PBXFileReference; lastKnownFileType = file.xib; path = AppleItemCollectionViewCell.xib; sourceTree = "<group>"; };
		028ECF7126C4155800D74716 /* CategoryHuaweiViewController.swift */ = {isa = PBXFileReference; lastKnownFileType = sourcecode.swift; path = CategoryHuaweiViewController.swift; sourceTree = "<group>"; };
		028ECF7326C4156300D74716 /* CategoryVivoViewController.swift */ = {isa = PBXFileReference; lastKnownFileType = sourcecode.swift; path = CategoryVivoViewController.swift; sourceTree = "<group>"; };
		028ECF7526C4158B00D74716 /* CategoryXiaomiViewController.swift */ = {isa = PBXFileReference; lastKnownFileType = sourcecode.swift; path = CategoryXiaomiViewController.swift; sourceTree = "<group>"; };
		028ECF7726C41A4B00D74716 /* RecentAllDeleteTableViewCell.swift */ = {isa = PBXFileReference; lastKnownFileType = sourcecode.swift; path = RecentAllDeleteTableViewCell.swift; sourceTree = "<group>"; };
		028ECF7926C41BE500D74716 /* RecentViewListTableViewCell.swift */ = {isa = PBXFileReference; lastKnownFileType = sourcecode.swift; path = RecentViewListTableViewCell.swift; sourceTree = "<group>"; };
		028ECF7A26C41BE500D74716 /* RecentViewListTableViewCell.xib */ = {isa = PBXFileReference; lastKnownFileType = file.xib; path = RecentViewListTableViewCell.xib; sourceTree = "<group>"; };
		028ECF8226C43E6800D74716 /* LoginViewController.swift */ = {isa = PBXFileReference; lastKnownFileType = sourcecode.swift; path = LoginViewController.swift; sourceTree = "<group>"; };
		028ECF8626C441C200D74716 /* RecentAddKakaoChannelTableViewCell.swift */ = {isa = PBXFileReference; lastKnownFileType = sourcecode.swift; path = RecentAddKakaoChannelTableViewCell.swift; sourceTree = "<group>"; };
		028ECF8726C441C200D74716 /* RecentAddKakaoChannelTableViewCell.xib */ = {isa = PBXFileReference; lastKnownFileType = file.xib; path = RecentAddKakaoChannelTableViewCell.xib; sourceTree = "<group>"; };
		028ECF8A26C446F300D74716 /* RecentInquiryTableViewCell.swift */ = {isa = PBXFileReference; lastKnownFileType = sourcecode.swift; path = RecentInquiryTableViewCell.swift; sourceTree = "<group>"; };
		028ECF8B26C446F300D74716 /* RecentInquiryTableViewCell.xib */ = {isa = PBXFileReference; lastKnownFileType = file.xib; path = RecentInquiryTableViewCell.xib; sourceTree = "<group>"; };
		028ECF8E26C4484100D74716 /* RecentIntroduceShareTableViewCell.swift */ = {isa = PBXFileReference; lastKnownFileType = sourcecode.swift; path = RecentIntroduceShareTableViewCell.swift; sourceTree = "<group>"; };
		028ECF8F26C4484100D74716 /* RecentIntroduceShareTableViewCell.xib */ = {isa = PBXFileReference; lastKnownFileType = file.xib; path = RecentIntroduceShareTableViewCell.xib; sourceTree = "<group>"; };
		029CBE6F26BCF94900046EEC /* SearchViewController.swift */ = {isa = PBXFileReference; lastKnownFileType = sourcecode.swift; path = SearchViewController.swift; sourceTree = "<group>"; };
		029CBE7426BCFBA600046EEC /* ThisWeekNewProductTableViewCell.swift */ = {isa = PBXFileReference; lastKnownFileType = sourcecode.swift; path = ThisWeekNewProductTableViewCell.swift; sourceTree = "<group>"; };
		029CBE7626BCFDC700046EEC /* ThisWeekNewProductCollectionViewCell.swift */ = {isa = PBXFileReference; lastKnownFileType = sourcecode.swift; path = ThisWeekNewProductCollectionViewCell.swift; sourceTree = "<group>"; };
		029CBE7726BCFDC700046EEC /* ThisWeekNewProductCollectionViewCell.xib */ = {isa = PBXFileReference; lastKnownFileType = file.xib; path = ThisWeekNewProductCollectionViewCell.xib; sourceTree = "<group>"; };
		029CBE7A26BD049D00046EEC /* SearchData.swift */ = {isa = PBXFileReference; lastKnownFileType = sourcecode.swift; path = SearchData.swift; sourceTree = "<group>"; };
		029CBE7C26BD0F6100046EEC /* RefreshTableViewCell.swift */ = {isa = PBXFileReference; lastKnownFileType = sourcecode.swift; path = RefreshTableViewCell.swift; sourceTree = "<group>"; };
		029CBE7E26BD113B00046EEC /* CategoryTableViewCell.swift */ = {isa = PBXFileReference; lastKnownFileType = sourcecode.swift; path = CategoryTableViewCell.swift; sourceTree = "<group>"; };
		029CBE8026BD119D00046EEC /* CategoryCollectionViewCell.swift */ = {isa = PBXFileReference; lastKnownFileType = sourcecode.swift; path = CategoryCollectionViewCell.swift; sourceTree = "<group>"; };
		029CBE8126BD119D00046EEC /* CategoryCollectionViewCell.xib */ = {isa = PBXFileReference; lastKnownFileType = file.xib; path = CategoryCollectionViewCell.xib; sourceTree = "<group>"; };
		02AE3EEC26BD3C66003D8278 /* InformationKakaoTableViewCell.swift */ = {isa = PBXFileReference; lastKnownFileType = sourcecode.swift; path = InformationKakaoTableViewCell.swift; sourceTree = "<group>"; };
		02AE3EED26BD3C66003D8278 /* InformationKakaoTableViewCell.xib */ = {isa = PBXFileReference; lastKnownFileType = file.xib; path = InformationKakaoTableViewCell.xib; sourceTree = "<group>"; };
		02AE3EF126BD4ADB003D8278 /* ProductsAPI.swift */ = {isa = PBXFileReference; lastKnownFileType = sourcecode.swift; path = ProductsAPI.swift; sourceTree = "<group>"; };
		02AE3EF526BD4D1C003D8278 /* ProductsNetworkManager.swift */ = {isa = PBXFileReference; lastKnownFileType = sourcecode.swift; path = ProductsNetworkManager.swift; sourceTree = "<group>"; };
		02AE3EF726BD4D6D003D8278 /* Products.swift */ = {isa = PBXFileReference; lastKnownFileType = sourcecode.swift; path = Products.swift; sourceTree = "<group>"; };
		02AE3EFA26BD57F0003D8278 /* ProductDetailViewController.swift */ = {isa = PBXFileReference; lastKnownFileType = sourcecode.swift; path = ProductDetailViewController.swift; sourceTree = "<group>"; };
		02B4E90326B77D6C0085802F /* TalkAlertTableViewCell.swift */ = {isa = PBXFileReference; lastKnownFileType = sourcecode.swift; path = TalkAlertTableViewCell.swift; sourceTree = "<group>"; };
		02B4E90626B77D7A0085802F /* TalkAlertCollectionViewCell.swift */ = {isa = PBXFileReference; lastKnownFileType = sourcecode.swift; path = TalkAlertCollectionViewCell.swift; sourceTree = "<group>"; };
		02B4E90726B77D7A0085802F /* TalkAlertCollectionViewCell.xib */ = {isa = PBXFileReference; lastKnownFileType = file.xib; path = TalkAlertCollectionViewCell.xib; sourceTree = "<group>"; };
		02B4E90B26B78DE90085802F /* LikeItemCollectionViewCell.swift */ = {isa = PBXFileReference; lastKnownFileType = sourcecode.swift; path = LikeItemCollectionViewCell.swift; sourceTree = "<group>"; };
		02B4E90C26B78DE90085802F /* LikeItemCollectionViewCell.xib */ = {isa = PBXFileReference; lastKnownFileType = file.xib; path = LikeItemCollectionViewCell.xib; sourceTree = "<group>"; };
		02B4E91026B794E50085802F /* LikeTableViewCell.swift */ = {isa = PBXFileReference; lastKnownFileType = sourcecode.swift; path = LikeTableViewCell.swift; sourceTree = "<group>"; };
		02B4E91726B7B1350085802F /* AlertData.swift */ = {isa = PBXFileReference; lastKnownFileType = sourcecode.swift; path = AlertData.swift; sourceTree = "<group>"; };
		7B1F3400F07EA134CF8364BA /* Pods-KakaoMakers.debug.xcconfig */ = {isa = PBXFileReference; includeInIndex = 1; lastKnownFileType = text.xcconfig; name = "Pods-KakaoMakers.debug.xcconfig"; path = "Target Support Files/Pods-KakaoMakers/Pods-KakaoMakers.debug.xcconfig"; sourceTree = "<group>"; };
		DF870AFBDA3A835B56273CF6 /* Pods-KakaoMakers.release.xcconfig */ = {isa = PBXFileReference; includeInIndex = 1; lastKnownFileType = text.xcconfig; name = "Pods-KakaoMakers.release.xcconfig"; path = "Target Support Files/Pods-KakaoMakers/Pods-KakaoMakers.release.xcconfig"; sourceTree = "<group>"; };
/* End PBXFileReference section */

/* Begin PBXFrameworksBuildPhase section */
		023CADDB26AE51150092EB89 /* Frameworks */ = {
			isa = PBXFrameworksBuildPhase;
			buildActionMask = 2147483647;
			files = (
				51D2F2128754D7E6527A8186 /* Pods_KakaoMakers.framework in Frameworks */,
			);
			runOnlyForDeploymentPostprocessing = 0;
		};
/* End PBXFrameworksBuildPhase section */

/* Begin PBXGroup section */
		0202A57526C2E0D200A6407E /* SiteHelp */ = {
			isa = PBXGroup;
			children = (
				024EAB4026BBBC57002734D6 /* HomeInquiryTableViewCell.swift */,
				024EAB4326BBBC80002734D6 /* HomeInquiryCollectionViewCell.swift */,
				024EAB4426BBBC80002734D6 /* HomeInquiryCollectionViewCell.xib */,
				024EAB4926BBCEE2002734D6 /* QuestionAnswerCellTableViewCell.swift */,
			);
			path = SiteHelp;
			sourceTree = "<group>";
		};
		0202A57626C2E0F500A6407E /* OneOnOne */ = {
			isa = PBXGroup;
			children = (
				0202A57726C2E14300A6407E /* ConsultationInquiryTableViewCell.swift */,
				0202A57826C2E14300A6407E /* ConsultationInquiryTableViewCell.xib */,
			);
			path = OneOnOne;
			sourceTree = "<group>";
		};
		0231825726B7FF0800DAC0E9 /* SettingCell */ = {
			isa = PBXGroup;
			children = (
				0231826226B802ED00DAC0E9 /* SettingTableViewCell.swift */,
			);
			path = SettingCell;
			sourceTree = "<group>";
		};
		023CADD526AE51150092EB89 = {
			isa = PBXGroup;
			children = (
				023CADE026AE51150092EB89 /* KakaoMakers */,
				023CADDF26AE51150092EB89 /* Products */,
				1B2EE9FAB599A612A5F763B5 /* Pods */,
				867A48457CA117FBF639F012 /* Frameworks */,
			);
			sourceTree = "<group>";
		};
		023CADDF26AE51150092EB89 /* Products */ = {
			isa = PBXGroup;
			children = (
				023CADDE26AE51150092EB89 /* KakaoMakers.app */,
			);
			name = Products;
			sourceTree = "<group>";
		};
		023CADE026AE51150092EB89 /* KakaoMakers */ = {
			isa = PBXGroup;
			children = (
				023CADE126AE51150092EB89 /* AppDelegate.swift */,
				023CADE326AE51150092EB89 /* SceneDelegate.swift */,
				02AE3EF026BD4AB2003D8278 /* API */,
				026E40B226B115180075A570 /* Utilities */,
				023CAE1226AE55CD0092EB89 /* StoryBoards */,
				023CAE4226AE62330092EB89 /* View */,
				028ECF8126C43E1500D74716 /* Login */,
				027D369826BA586B00E50BE8 /* Home */,
				027D369726BA586700E50BE8 /* Search */,
				027D369626BA586200E50BE8 /* Alarm */,
				027D369526BA585D00E50BE8 /* My */,
				027D369926BA589C00E50BE8 /* Setting */,
				027D369B26BA58D500E50BE8 /* SettingDetail */,
				023CADEA26AE51160092EB89 /* Assets.xcassets */,
				023CADEC26AE51160092EB89 /* LaunchScreen.storyboard */,
				023CADEF26AE51160092EB89 /* Info.plist */,
			);
			path = KakaoMakers;
			sourceTree = "<group>";
		};
		023CAE1226AE55CD0092EB89 /* StoryBoards */ = {
			isa = PBXGroup;
			children = (
				023CADE726AE51150092EB89 /* Main.storyboard */,
				023CAE1426AE56470092EB89 /* Home.storyboard */,
				023CAE0726AE559C0092EB89 /* Search.storyboard */,
				023CAE1826AE56640092EB89 /* Alarm.storyboard */,
				023CAE0E26AE55BE0092EB89 /* My.storyboard */,
				027D368326BA52B500E50BE8 /* SettingDetail.storyboard */,
			);
			path = StoryBoards;
			sourceTree = "<group>";
		};
		023CAE2026AE59600092EB89 /* HomeTabTopMenu */ = {
			isa = PBXGroup;
			children = (
				028ECF5226C3716000D74716 /* ItemData.swift */,
				023CAE1C26AE58CA0092EB89 /* HomeViewController.swift */,
				028ECF5326C3716000D74716 /* RecentReadTabViewController.swift */,
				028ECF5126C3711700D74716 /* HomeTopMenu */,
				028ECF5526C3716000D74716 /* OpenTabViewController.swift */,
				028ECF5426C3716000D74716 /* LikeTabViewController.swift */,
			);
			path = HomeTabTopMenu;
			sourceTree = "<group>";
		};
		023CAE3626AE5EE30092EB89 /* AlarmTopMenu */ = {
			isa = PBXGroup;
			children = (
				02B4E91726B7B1350085802F /* AlertData.swift */,
				023CAE3F26AE5F4B0092EB89 /* AlarmDetailTabViewController.swift */,
				023CAE3B26AE5F380092EB89 /* NotiTabViewController.swift */,
			);
			path = AlarmTopMenu;
			sourceTree = "<group>";
		};
		023CAE4226AE62330092EB89 /* View */ = {
			isa = PBXGroup;
			children = (
				02AE3EEB26BD3C46003D8278 /* NewReusableView */,
				027D36AB26BA7D8300E50BE8 /* Cell */,
			);
			path = View;
			sourceTree = "<group>";
		};
		024EAB2A26BBB807002734D6 /* HelpInquiry */ = {
			isa = PBXGroup;
			children = (
				024EAB3726BBB86F002734D6 /* HelpInquiryViewController.swift */,
				024EAB3826BBB86F002734D6 /* HelpViewController.swift */,
				024EAB3926BBB86F002734D6 /* OneOnOneInquiryViewController.swift */,
				024EAB3626BBB86F002734D6 /* ProductInquiryViewController.swift */,
			);
			path = HelpInquiry;
			sourceTree = "<group>";
		};
		024EAB3F26BBBC3C002734D6 /* HelpInquiryCell */ = {
			isa = PBXGroup;
			children = (
				0202A57526C2E0D200A6407E /* SiteHelp */,
				0202A57626C2E0F500A6407E /* OneOnOne */,
			);
			path = HelpInquiryCell;
			sourceTree = "<group>";
		};
		026E40B226B115180075A570 /* Utilities */ = {
			isa = PBXGroup;
			children = (
				026E40B326B1152F0075A570 /* Extensions.swift */,
			);
			path = Utilities;
			sourceTree = "<group>";
		};
		026E40B626B117D90075A570 /* HomeCell */ = {
			isa = PBXGroup;
			children = (
				026E40C326B125CF0075A570 /* MenuBarTableViewCell.swift */,
				026E40C626B126230075A570 /* MenuBarCollectionViewCell.swift */,
				026E40C726B126230075A570 /* MenuBarCollectionViewCell.xib */,
				028ECF7726C41A4B00D74716 /* RecentAllDeleteTableViewCell.swift */,
				028ECF7926C41BE500D74716 /* RecentViewListTableViewCell.swift */,
				028ECF7A26C41BE500D74716 /* RecentViewListTableViewCell.xib */,
				028ECF8626C441C200D74716 /* RecentAddKakaoChannelTableViewCell.swift */,
				028ECF8726C441C200D74716 /* RecentAddKakaoChannelTableViewCell.xib */,
				028ECF8A26C446F300D74716 /* RecentInquiryTableViewCell.swift */,
				028ECF8B26C446F300D74716 /* RecentInquiryTableViewCell.xib */,
				028ECF8E26C4484100D74716 /* RecentIntroduceShareTableViewCell.swift */,
				028ECF8F26C4484100D74716 /* RecentIntroduceShareTableViewCell.xib */,
				0237E16626B2416200E20A24 /* AllItemTableViewCell.swift */,
				0237E16726B2416200E20A24 /* AllItemTableViewCell.xib */,
				0237E17B26B2D61E00E20A24 /* OpenItemTitleCell.swift */,
				0237E17626B2859000E20A24 /* OpenItemTableViewCell.swift */,
				0237E17726B2859000E20A24 /* OpenItemTableViewCell.xib */,
				0212E83326B7198C000913C5 /* TalkAlertTitleTableViewCell.swift */,
				02B4E90326B77D6C0085802F /* TalkAlertTableViewCell.swift */,
				02B4E90626B77D7A0085802F /* TalkAlertCollectionViewCell.swift */,
				02B4E90726B77D7A0085802F /* TalkAlertCollectionViewCell.xib */,
				02B4E91026B794E50085802F /* LikeTableViewCell.swift */,
				02B4E90B26B78DE90085802F /* LikeItemCollectionViewCell.swift */,
				02B4E90C26B78DE90085802F /* LikeItemCollectionViewCell.xib */,
				028ECF6D26C3CC4D00D74716 /* AppleItemCollectionViewCell.swift */,
				028ECF6E26C3CC4D00D74716 /* AppleItemCollectionViewCell.xib */,
			);
			path = HomeCell;
			sourceTree = "<group>";
		};
		027D368B26BA571D00E50BE8 /* SettingDetailCell */ = {
			isa = PBXGroup;
			children = (
				027D368E26BA574900E50BE8 /* PushAdTableViewCell.swift */,
				027D368D26BA574900E50BE8 /* PushAdTableViewCell.xib */,
				024EAB3F26BBBC3C002734D6 /* HelpInquiryCell */,
			);
			path = SettingDetailCell;
			sourceTree = "<group>";
		};
		027D369526BA585D00E50BE8 /* My */ = {
			isa = PBXGroup;
			children = (
				0231825926B8001100DAC0E9 /* MyViewController.swift */,
			);
			path = My;
			sourceTree = "<group>";
		};
		027D369626BA586200E50BE8 /* Alarm */ = {
			isa = PBXGroup;
			children = (
				023CAE3626AE5EE30092EB89 /* AlarmTopMenu */,
				023CAE3226AE5E750092EB89 /* AlarmViewController.swift */,
			);
			path = Alarm;
			sourceTree = "<group>";
		};
		027D369726BA586700E50BE8 /* Search */ = {
			isa = PBXGroup;
			children = (
				029CBE7A26BD049D00046EEC /* SearchData.swift */,
				029CBE6F26BCF94900046EEC /* SearchViewController.swift */,
			);
			path = Search;
			sourceTree = "<group>";
		};
		027D369826BA586B00E50BE8 /* Home */ = {
			isa = PBXGroup;
			children = (
				02AE3EF926BD57CD003D8278 /* Detail */,
				023CAE2026AE59600092EB89 /* HomeTabTopMenu */,
			);
			path = Home;
			sourceTree = "<group>";
		};
		027D369926BA589C00E50BE8 /* Setting */ = {
			isa = PBXGroup;
			children = (
				027D36A526BA5CEE00E50BE8 /* SettingViewController.swift */,
			);
			path = Setting;
			sourceTree = "<group>";
		};
		027D369B26BA58D500E50BE8 /* SettingDetail */ = {
			isa = PBXGroup;
			children = (
				027D36A026BA59FF00E50BE8 /* SettingData.swift */,
				027D369C26BA58FC00E50BE8 /* PushAdViewController.swift */,
				027D36A826BA600300E50BE8 /* CashReceiptViewController.swift */,
				027D36BA26BA831600E50BE8 /* RefundManagementViewController.swift */,
				027D36F726BAD5DB00E50BE8 /* OpenSourceLicenseViewController.swift */,
				027D36FA26BADA7100E50BE8 /* PersonalInformProcessingPolicyViewController.swift */,
				024EAB2A26BBB807002734D6 /* HelpInquiry */,
			);
			path = SettingDetail;
			sourceTree = "<group>";
		};
		027D36AB26BA7D8300E50BE8 /* Cell */ = {
			isa = PBXGroup;
			children = (
				026E40B626B117D90075A570 /* HomeCell */,
				029CBE7126BCFA8600046EEC /* SearchCell */,
				02B4E91526B7AFFB0085802F /* AlarmCell */,
				0231825726B7FF0800DAC0E9 /* SettingCell */,
				027D368B26BA571D00E50BE8 /* SettingDetailCell */,
			);
			path = Cell;
			sourceTree = "<group>";
		};
		028ECF5126C3711700D74716 /* HomeTopMenu */ = {
			isa = PBXGroup;
			children = (
				028ECF5A26C371EF00D74716 /* EntireViewController.swift */,
				028ECF5C26C371FF00D74716 /* NewViewController.swift */,
				023CAE2926AE59BE0092EB89 /* HomeTabViewController.swift */,
				028ECF5E26C3723000D74716 /* CategoryViewController.swift */,
				028ECF6826C3BC2F00D74716 /* Category */,
				028ECF6026C3726E00D74716 /* InsidersViewController.swift */,
			);
			path = HomeTopMenu;
			sourceTree = "<group>";
		};
		028ECF6826C3BC2F00D74716 /* Category */ = {
			isa = PBXGroup;
			children = (
				028ECF6926C3BC4800D74716 /* CategoryAppleViewController.swift */,
				028ECF6B26C3BC5300D74716 /* CategorySamsungViewController.swift */,
				028ECF7126C4155800D74716 /* CategoryHuaweiViewController.swift */,
				028ECF7326C4156300D74716 /* CategoryVivoViewController.swift */,
				028ECF7526C4158B00D74716 /* CategoryXiaomiViewController.swift */,
			);
			path = Category;
			sourceTree = "<group>";
		};
		028ECF8126C43E1500D74716 /* Login */ = {
			isa = PBXGroup;
			children = (
				028ECF8226C43E6800D74716 /* LoginViewController.swift */,
			);
			path = Login;
			sourceTree = "<group>";
		};
		029CBE7126BCFA8600046EEC /* SearchCell */ = {
			isa = PBXGroup;
			children = (
				029CBE7426BCFBA600046EEC /* ThisWeekNewProductTableViewCell.swift */,
				029CBE7626BCFDC700046EEC /* ThisWeekNewProductCollectionViewCell.swift */,
				029CBE7726BCFDC700046EEC /* ThisWeekNewProductCollectionViewCell.xib */,
				029CBE7C26BD0F6100046EEC /* RefreshTableViewCell.swift */,
				029CBE7E26BD113B00046EEC /* CategoryTableViewCell.swift */,
				029CBE8026BD119D00046EEC /* CategoryCollectionViewCell.swift */,
				029CBE8126BD119D00046EEC /* CategoryCollectionViewCell.xib */,
			);
			path = SearchCell;
			sourceTree = "<group>";
		};
		02AE3EEB26BD3C46003D8278 /* NewReusableView */ = {
			isa = PBXGroup;
			children = (
				0202A57126C29E6200A6407E /* InformationKakaoCenterTableViewCell.swift */,
				0202A57226C29E6200A6407E /* InformationKakaoCenterTableViewCell.xib */,
				02AE3EEC26BD3C66003D8278 /* InformationKakaoTableViewCell.swift */,
				02AE3EED26BD3C66003D8278 /* InformationKakaoTableViewCell.xib */,
			);
			path = NewReusableView;
			sourceTree = "<group>";
		};
		02AE3EF026BD4AB2003D8278 /* API */ = {
			isa = PBXGroup;
			children = (
				02AE3EF726BD4D6D003D8278 /* Products.swift */,
				02AE3EF126BD4ADB003D8278 /* ProductsAPI.swift */,
				02AE3EF526BD4D1C003D8278 /* ProductsNetworkManager.swift */,
			);
			path = API;
			sourceTree = "<group>";
		};
		02AE3EF926BD57CD003D8278 /* Detail */ = {
			isa = PBXGroup;
			children = (
				02AE3EFA26BD57F0003D8278 /* ProductDetailViewController.swift */,
			);
			path = Detail;
			sourceTree = "<group>";
		};
		02B4E91526B7AFFB0085802F /* AlarmCell */ = {
			isa = PBXGroup;
			children = (
				023CAE4326AE624A0092EB89 /* DetailAlarmTableViewCell.swift */,
				023CAE4426AE624A0092EB89 /* DetailAlarmTableViewCell.xib */,
				0231824926B7FBFC00DAC0E9 /* NotiTableViewCell.swift */,
				0231824A26B7FBFC00DAC0E9 /* NotiTableViewCell.xib */,
			);
			path = AlarmCell;
			sourceTree = "<group>";
		};
		1B2EE9FAB599A612A5F763B5 /* Pods */ = {
			isa = PBXGroup;
			children = (
				7B1F3400F07EA134CF8364BA /* Pods-KakaoMakers.debug.xcconfig */,
				DF870AFBDA3A835B56273CF6 /* Pods-KakaoMakers.release.xcconfig */,
			);
			path = Pods;
			sourceTree = "<group>";
		};
		867A48457CA117FBF639F012 /* Frameworks */ = {
			isa = PBXGroup;
			children = (
				021EDC51AD7675DF4699E461 /* Pods_KakaoMakers.framework */,
			);
			name = Frameworks;
			sourceTree = "<group>";
		};
/* End PBXGroup section */

/* Begin PBXNativeTarget section */
		023CADDD26AE51150092EB89 /* KakaoMakers */ = {
			isa = PBXNativeTarget;
			buildConfigurationList = 023CADF226AE51160092EB89 /* Build configuration list for PBXNativeTarget "KakaoMakers" */;
			buildPhases = (
				8C4964C598396EDADFAD84A4 /* [CP] Check Pods Manifest.lock */,
				023CADDA26AE51150092EB89 /* Sources */,
				023CADDB26AE51150092EB89 /* Frameworks */,
				023CADDC26AE51150092EB89 /* Resources */,
				274F16F7F2D375FD6EE9DEB6 /* [CP] Embed Pods Frameworks */,
			);
			buildRules = (
			);
			dependencies = (
			);
			name = KakaoMakers;
			productName = KakaoMakers;
			productReference = 023CADDE26AE51150092EB89 /* KakaoMakers.app */;
			productType = "com.apple.product-type.application";
		};
/* End PBXNativeTarget section */

/* Begin PBXProject section */
		023CADD626AE51150092EB89 /* Project object */ = {
			isa = PBXProject;
			attributes = {
				LastSwiftUpdateCheck = 1240;
				LastUpgradeCheck = 1240;
				TargetAttributes = {
					023CADDD26AE51150092EB89 = {
						CreatedOnToolsVersion = 12.4;
					};
				};
			};
			buildConfigurationList = 023CADD926AE51150092EB89 /* Build configuration list for PBXProject "KakaoMakers" */;
			compatibilityVersion = "Xcode 9.3";
			developmentRegion = en;
			hasScannedForEncodings = 0;
			knownRegions = (
				en,
				Base,
			);
			mainGroup = 023CADD526AE51150092EB89;
			productRefGroup = 023CADDF26AE51150092EB89 /* Products */;
			projectDirPath = "";
			projectRoot = "";
			targets = (
				023CADDD26AE51150092EB89 /* KakaoMakers */,
			);
		};
/* End PBXProject section */

/* Begin PBXResourcesBuildPhase section */
		023CADDC26AE51150092EB89 /* Resources */ = {
			isa = PBXResourcesBuildPhase;
			buildActionMask = 2147483647;
			files = (
				027D368F26BA574900E50BE8 /* PushAdTableViewCell.xib in Resources */,
				023CAE4626AE624A0092EB89 /* DetailAlarmTableViewCell.xib in Resources */,
				028ECF8D26C446F300D74716 /* RecentInquiryTableViewCell.xib in Resources */,
				0231824C26B7FBFC00DAC0E9 /* NotiTableViewCell.xib in Resources */,
				027D368426BA52B500E50BE8 /* SettingDetail.storyboard in Resources */,
				0237E17926B2859000E20A24 /* OpenItemTableViewCell.xib in Resources */,
				028ECF7026C3CC4D00D74716 /* AppleItemCollectionViewCell.xib in Resources */,
				026E40C926B126230075A570 /* MenuBarCollectionViewCell.xib in Resources */,
				0202A57A26C2E14300A6407E /* ConsultationInquiryTableViewCell.xib in Resources */,
				02AE3EEF26BD3C66003D8278 /* InformationKakaoTableViewCell.xib in Resources */,
				023CADEE26AE51160092EB89 /* LaunchScreen.storyboard in Resources */,
				023CAE1026AE55BE0092EB89 /* My.storyboard in Resources */,
				028ECF7C26C41BE500D74716 /* RecentViewListTableViewCell.xib in Resources */,
				023CADEB26AE51160092EB89 /* Assets.xcassets in Resources */,
				024EAB4626BBBC80002734D6 /* HomeInquiryCollectionViewCell.xib in Resources */,
				028ECF8926C441C200D74716 /* RecentAddKakaoChannelTableViewCell.xib in Resources */,
				023CAE1926AE56640092EB89 /* Alarm.storyboard in Resources */,
				028ECF9126C4484100D74716 /* RecentIntroduceShareTableViewCell.xib in Resources */,
				029CBE7926BCFDC700046EEC /* ThisWeekNewProductCollectionViewCell.xib in Resources */,
				02B4E90926B77D7A0085802F /* TalkAlertCollectionViewCell.xib in Resources */,
				023CAE1626AE56470092EB89 /* Home.storyboard in Resources */,
				02B4E90E26B78DE90085802F /* LikeItemCollectionViewCell.xib in Resources */,
				023CADE926AE51150092EB89 /* Main.storyboard in Resources */,
				0237E16926B2416200E20A24 /* AllItemTableViewCell.xib in Resources */,
				029CBE8326BD119D00046EEC /* CategoryCollectionViewCell.xib in Resources */,
				023CAE0926AE559C0092EB89 /* Search.storyboard in Resources */,
				0202A57426C29E6200A6407E /* InformationKakaoCenterTableViewCell.xib in Resources */,
			);
			runOnlyForDeploymentPostprocessing = 0;
		};
/* End PBXResourcesBuildPhase section */

/* Begin PBXShellScriptBuildPhase section */
		274F16F7F2D375FD6EE9DEB6 /* [CP] Embed Pods Frameworks */ = {
			isa = PBXShellScriptBuildPhase;
			buildActionMask = 2147483647;
			files = (
			);
			inputFileListPaths = (
				"${PODS_ROOT}/Target Support Files/Pods-KakaoMakers/Pods-KakaoMakers-frameworks-${CONFIGURATION}-input-files.xcfilelist",
			);
			name = "[CP] Embed Pods Frameworks";
			outputFileListPaths = (
				"${PODS_ROOT}/Target Support Files/Pods-KakaoMakers/Pods-KakaoMakers-frameworks-${CONFIGURATION}-output-files.xcfilelist",
			);
			runOnlyForDeploymentPostprocessing = 0;
			shellPath = /bin/sh;
			shellScript = "\"${PODS_ROOT}/Target Support Files/Pods-KakaoMakers/Pods-KakaoMakers-frameworks.sh\"\n";
			showEnvVarsInLog = 0;
		};
		8C4964C598396EDADFAD84A4 /* [CP] Check Pods Manifest.lock */ = {
			isa = PBXShellScriptBuildPhase;
			buildActionMask = 2147483647;
			files = (
			);
			inputFileListPaths = (
			);
			inputPaths = (
				"${PODS_PODFILE_DIR_PATH}/Podfile.lock",
				"${PODS_ROOT}/Manifest.lock",
			);
			name = "[CP] Check Pods Manifest.lock";
			outputFileListPaths = (
			);
			outputPaths = (
				"$(DERIVED_FILE_DIR)/Pods-KakaoMakers-checkManifestLockResult.txt",
			);
			runOnlyForDeploymentPostprocessing = 0;
			shellPath = /bin/sh;
			shellScript = "diff \"${PODS_PODFILE_DIR_PATH}/Podfile.lock\" \"${PODS_ROOT}/Manifest.lock\" > /dev/null\nif [ $? != 0 ] ; then\n    # print error to STDERR\n    echo \"error: The sandbox is not in sync with the Podfile.lock. Run 'pod install' or update your CocoaPods installation.\" >&2\n    exit 1\nfi\n# This output is used by Xcode 'outputs' to avoid re-running this script phase.\necho \"SUCCESS\" > \"${SCRIPT_OUTPUT_FILE_0}\"\n";
			showEnvVarsInLog = 0;
		};
/* End PBXShellScriptBuildPhase section */

/* Begin PBXSourcesBuildPhase section */
		023CADDA26AE51150092EB89 /* Sources */ = {
			isa = PBXSourcesBuildPhase;
			buildActionMask = 2147483647;
			files = (
				0202A57926C2E14300A6407E /* ConsultationInquiryTableViewCell.swift in Sources */,
				028ECF7B26C41BE500D74716 /* RecentViewListTableViewCell.swift in Sources */,
				02B4E90D26B78DE90085802F /* LikeItemCollectionViewCell.swift in Sources */,
				026E40C826B126230075A570 /* MenuBarCollectionViewCell.swift in Sources */,
				02B4E90826B77D7A0085802F /* TalkAlertCollectionViewCell.swift in Sources */,
				02B4E91826B7B1350085802F /* AlertData.swift in Sources */,
				027D36A926BA600300E50BE8 /* CashReceiptViewController.swift in Sources */,
				0231826326B802ED00DAC0E9 /* SettingTableViewCell.swift in Sources */,
				028ECF8C26C446F300D74716 /* RecentInquiryTableViewCell.swift in Sources */,
				02AE3EF626BD4D1C003D8278 /* ProductsNetworkManager.swift in Sources */,
				024EAB3D26BBB86F002734D6 /* OneOnOneInquiryViewController.swift in Sources */,
				023CADE226AE51150092EB89 /* AppDelegate.swift in Sources */,
				0237E16826B2416200E20A24 /* AllItemTableViewCell.swift in Sources */,
				028ECF5626C3716000D74716 /* ItemData.swift in Sources */,
				029CBE7826BCFDC700046EEC /* ThisWeekNewProductCollectionViewCell.swift in Sources */,
				028ECF8826C441C200D74716 /* RecentAddKakaoChannelTableViewCell.swift in Sources */,
				02AE3EFB26BD57F0003D8278 /* ProductDetailViewController.swift in Sources */,
				028ECF6A26C3BC4800D74716 /* CategoryAppleViewController.swift in Sources */,
				0237E17C26B2D61E00E20A24 /* OpenItemTitleCell.swift in Sources */,
				027D36F826BAD5DB00E50BE8 /* OpenSourceLicenseViewController.swift in Sources */,
				028ECF7226C4155800D74716 /* CategoryHuaweiViewController.swift in Sources */,
				028ECF8326C43E6800D74716 /* LoginViewController.swift in Sources */,
				023CAE3C26AE5F380092EB89 /* NotiTabViewController.swift in Sources */,
				026E40C426B125CF0075A570 /* MenuBarTableViewCell.swift in Sources */,
				02AE3EEE26BD3C66003D8278 /* InformationKakaoTableViewCell.swift in Sources */,
				028ECF5726C3716000D74716 /* RecentReadTabViewController.swift in Sources */,
				029CBE7B26BD049D00046EEC /* SearchData.swift in Sources */,
				028ECF5D26C371FF00D74716 /* NewViewController.swift in Sources */,
				024EAB3B26BBB86F002734D6 /* HelpInquiryViewController.swift in Sources */,
				028ECF6126C3726E00D74716 /* InsidersViewController.swift in Sources */,
				028ECF5826C3716000D74716 /* LikeTabViewController.swift in Sources */,
				028ECF7626C4158B00D74716 /* CategoryXiaomiViewController.swift in Sources */,
				0231824B26B7FBFC00DAC0E9 /* NotiTableViewCell.swift in Sources */,
				023CAE4526AE624A0092EB89 /* DetailAlarmTableViewCell.swift in Sources */,
				024EAB3C26BBB86F002734D6 /* HelpViewController.swift in Sources */,
				027D369D26BA58FC00E50BE8 /* PushAdViewController.swift in Sources */,
				024EAB4126BBBC57002734D6 /* HomeInquiryTableViewCell.swift in Sources */,
				024EAB3A26BBB86F002734D6 /* ProductInquiryViewController.swift in Sources */,
				028ECF9026C4484100D74716 /* RecentIntroduceShareTableViewCell.swift in Sources */,
				027D36BB26BA831600E50BE8 /* RefundManagementViewController.swift in Sources */,
				02B4E90426B77D6C0085802F /* TalkAlertTableViewCell.swift in Sources */,
				023CADE426AE51150092EB89 /* SceneDelegate.swift in Sources */,
				027D369026BA574900E50BE8 /* PushAdTableViewCell.swift in Sources */,
				024EAB4A26BBCEE2002734D6 /* QuestionAnswerCellTableViewCell.swift in Sources */,
				028ECF5B26C371EF00D74716 /* EntireViewController.swift in Sources */,
				028ECF5F26C3723000D74716 /* CategoryViewController.swift in Sources */,
				023CAE4026AE5F4B0092EB89 /* AlarmDetailTabViewController.swift in Sources */,
				029CBE8226BD119D00046EEC /* CategoryCollectionViewCell.swift in Sources */,
				0212E83426B7198C000913C5 /* TalkAlertTitleTableViewCell.swift in Sources */,
				02AE3EF826BD4D6D003D8278 /* Products.swift in Sources */,
				027D36A126BA59FF00E50BE8 /* SettingData.swift in Sources */,
				028ECF6F26C3CC4D00D74716 /* AppleItemCollectionViewCell.swift in Sources */,
				026E40B426B1152F0075A570 /* Extensions.swift in Sources */,
				0237E17826B2859000E20A24 /* OpenItemTableViewCell.swift in Sources */,
				02B4E91126B794E50085802F /* LikeTableViewCell.swift in Sources */,
				028ECF7426C4156300D74716 /* CategoryVivoViewController.swift in Sources */,
				029CBE7026BCF94900046EEC /* SearchViewController.swift in Sources */,
				027D36FB26BADA7100E50BE8 /* PersonalInformProcessingPolicyViewController.swift in Sources */,
				023CAE3326AE5E750092EB89 /* AlarmViewController.swift in Sources */,
				0202A57326C29E6200A6407E /* InformationKakaoCenterTableViewCell.swift in Sources */,
				028ECF7826C41A4B00D74716 /* RecentAllDeleteTableViewCell.swift in Sources */,
				028ECF5926C3716000D74716 /* OpenTabViewController.swift in Sources */,
				029CBE7526BCFBA600046EEC /* ThisWeekNewProductTableViewCell.swift in Sources */,
				027D36A626BA5CEE00E50BE8 /* SettingViewController.swift in Sources */,
				02AE3EF226BD4ADB003D8278 /* ProductsAPI.swift in Sources */,
				028ECF6C26C3BC5300D74716 /* CategorySamsungViewController.swift in Sources */,
				0231825A26B8001100DAC0E9 /* MyViewController.swift in Sources */,
				029CBE7D26BD0F6100046EEC /* RefreshTableViewCell.swift in Sources */,
				023CAE1D26AE58CA0092EB89 /* HomeViewController.swift in Sources */,
				023CAE2A26AE59BE0092EB89 /* HomeTabViewController.swift in Sources */,
				024EAB4526BBBC80002734D6 /* HomeInquiryCollectionViewCell.swift in Sources */,
				029CBE7F26BD113B00046EEC /* CategoryTableViewCell.swift in Sources */,
			);
			runOnlyForDeploymentPostprocessing = 0;
		};
/* End PBXSourcesBuildPhase section */

/* Begin PBXVariantGroup section */
		023CADE726AE51150092EB89 /* Main.storyboard */ = {
			isa = PBXVariantGroup;
			children = (
				023CADE826AE51150092EB89 /* Base */,
			);
			name = Main.storyboard;
			sourceTree = "<group>";
		};
		023CADEC26AE51160092EB89 /* LaunchScreen.storyboard */ = {
			isa = PBXVariantGroup;
			children = (
				023CADED26AE51160092EB89 /* Base */,
			);
			name = LaunchScreen.storyboard;
			sourceTree = "<group>";
		};
		023CAE0726AE559C0092EB89 /* Search.storyboard */ = {
			isa = PBXVariantGroup;
			children = (
				023CAE0826AE559C0092EB89 /* Base */,
			);
			name = Search.storyboard;
			sourceTree = "<group>";
		};
		023CAE0E26AE55BE0092EB89 /* My.storyboard */ = {
			isa = PBXVariantGroup;
			children = (
				023CAE0F26AE55BE0092EB89 /* Base */,
			);
			name = My.storyboard;
			sourceTree = "<group>";
		};
		023CAE1426AE56470092EB89 /* Home.storyboard */ = {
			isa = PBXVariantGroup;
			children = (
				023CAE1526AE56470092EB89 /* Base */,
			);
			name = Home.storyboard;
			sourceTree = "<group>";
		};
/* End PBXVariantGroup section */

/* Begin XCBuildConfiguration section */
		023CADF026AE51160092EB89 /* Debug */ = {
			isa = XCBuildConfiguration;
			buildSettings = {
				ALWAYS_SEARCH_USER_PATHS = NO;
				CLANG_ANALYZER_NONNULL = YES;
				CLANG_ANALYZER_NUMBER_OBJECT_CONVERSION = YES_AGGRESSIVE;
				CLANG_CXX_LANGUAGE_STANDARD = "gnu++14";
				CLANG_CXX_LIBRARY = "libc++";
				CLANG_ENABLE_MODULES = YES;
				CLANG_ENABLE_OBJC_ARC = YES;
				CLANG_ENABLE_OBJC_WEAK = YES;
				CLANG_WARN_BLOCK_CAPTURE_AUTORELEASING = YES;
				CLANG_WARN_BOOL_CONVERSION = YES;
				CLANG_WARN_COMMA = YES;
				CLANG_WARN_CONSTANT_CONVERSION = YES;
				CLANG_WARN_DEPRECATED_OBJC_IMPLEMENTATIONS = YES;
				CLANG_WARN_DIRECT_OBJC_ISA_USAGE = YES_ERROR;
				CLANG_WARN_DOCUMENTATION_COMMENTS = YES;
				CLANG_WARN_EMPTY_BODY = YES;
				CLANG_WARN_ENUM_CONVERSION = YES;
				CLANG_WARN_INFINITE_RECURSION = YES;
				CLANG_WARN_INT_CONVERSION = YES;
				CLANG_WARN_NON_LITERAL_NULL_CONVERSION = YES;
				CLANG_WARN_OBJC_IMPLICIT_RETAIN_SELF = YES;
				CLANG_WARN_OBJC_LITERAL_CONVERSION = YES;
				CLANG_WARN_OBJC_ROOT_CLASS = YES_ERROR;
				CLANG_WARN_QUOTED_INCLUDE_IN_FRAMEWORK_HEADER = YES;
				CLANG_WARN_RANGE_LOOP_ANALYSIS = YES;
				CLANG_WARN_STRICT_PROTOTYPES = YES;
				CLANG_WARN_SUSPICIOUS_MOVE = YES;
				CLANG_WARN_UNGUARDED_AVAILABILITY = YES_AGGRESSIVE;
				CLANG_WARN_UNREACHABLE_CODE = YES;
				CLANG_WARN__DUPLICATE_METHOD_MATCH = YES;
				COPY_PHASE_STRIP = NO;
				DEBUG_INFORMATION_FORMAT = dwarf;
				ENABLE_STRICT_OBJC_MSGSEND = YES;
				ENABLE_TESTABILITY = YES;
				GCC_C_LANGUAGE_STANDARD = gnu11;
				GCC_DYNAMIC_NO_PIC = NO;
				GCC_NO_COMMON_BLOCKS = YES;
				GCC_OPTIMIZATION_LEVEL = 0;
				GCC_PREPROCESSOR_DEFINITIONS = (
					"DEBUG=1",
					"$(inherited)",
				);
				GCC_WARN_64_TO_32_BIT_CONVERSION = YES;
				GCC_WARN_ABOUT_RETURN_TYPE = YES_ERROR;
				GCC_WARN_UNDECLARED_SELECTOR = YES;
				GCC_WARN_UNINITIALIZED_AUTOS = YES_AGGRESSIVE;
				GCC_WARN_UNUSED_FUNCTION = YES;
				GCC_WARN_UNUSED_VARIABLE = YES;
				IPHONEOS_DEPLOYMENT_TARGET = 14.4;
				MTL_ENABLE_DEBUG_INFO = INCLUDE_SOURCE;
				MTL_FAST_MATH = YES;
				ONLY_ACTIVE_ARCH = YES;
				SDKROOT = iphoneos;
				SWIFT_ACTIVE_COMPILATION_CONDITIONS = DEBUG;
				SWIFT_OPTIMIZATION_LEVEL = "-Onone";
			};
			name = Debug;
		};
		023CADF126AE51160092EB89 /* Release */ = {
			isa = XCBuildConfiguration;
			buildSettings = {
				ALWAYS_SEARCH_USER_PATHS = NO;
				CLANG_ANALYZER_NONNULL = YES;
				CLANG_ANALYZER_NUMBER_OBJECT_CONVERSION = YES_AGGRESSIVE;
				CLANG_CXX_LANGUAGE_STANDARD = "gnu++14";
				CLANG_CXX_LIBRARY = "libc++";
				CLANG_ENABLE_MODULES = YES;
				CLANG_ENABLE_OBJC_ARC = YES;
				CLANG_ENABLE_OBJC_WEAK = YES;
				CLANG_WARN_BLOCK_CAPTURE_AUTORELEASING = YES;
				CLANG_WARN_BOOL_CONVERSION = YES;
				CLANG_WARN_COMMA = YES;
				CLANG_WARN_CONSTANT_CONVERSION = YES;
				CLANG_WARN_DEPRECATED_OBJC_IMPLEMENTATIONS = YES;
				CLANG_WARN_DIRECT_OBJC_ISA_USAGE = YES_ERROR;
				CLANG_WARN_DOCUMENTATION_COMMENTS = YES;
				CLANG_WARN_EMPTY_BODY = YES;
				CLANG_WARN_ENUM_CONVERSION = YES;
				CLANG_WARN_INFINITE_RECURSION = YES;
				CLANG_WARN_INT_CONVERSION = YES;
				CLANG_WARN_NON_LITERAL_NULL_CONVERSION = YES;
				CLANG_WARN_OBJC_IMPLICIT_RETAIN_SELF = YES;
				CLANG_WARN_OBJC_LITERAL_CONVERSION = YES;
				CLANG_WARN_OBJC_ROOT_CLASS = YES_ERROR;
				CLANG_WARN_QUOTED_INCLUDE_IN_FRAMEWORK_HEADER = YES;
				CLANG_WARN_RANGE_LOOP_ANALYSIS = YES;
				CLANG_WARN_STRICT_PROTOTYPES = YES;
				CLANG_WARN_SUSPICIOUS_MOVE = YES;
				CLANG_WARN_UNGUARDED_AVAILABILITY = YES_AGGRESSIVE;
				CLANG_WARN_UNREACHABLE_CODE = YES;
				CLANG_WARN__DUPLICATE_METHOD_MATCH = YES;
				COPY_PHASE_STRIP = NO;
				DEBUG_INFORMATION_FORMAT = "dwarf-with-dsym";
				ENABLE_NS_ASSERTIONS = NO;
				ENABLE_STRICT_OBJC_MSGSEND = YES;
				GCC_C_LANGUAGE_STANDARD = gnu11;
				GCC_NO_COMMON_BLOCKS = YES;
				GCC_WARN_64_TO_32_BIT_CONVERSION = YES;
				GCC_WARN_ABOUT_RETURN_TYPE = YES_ERROR;
				GCC_WARN_UNDECLARED_SELECTOR = YES;
				GCC_WARN_UNINITIALIZED_AUTOS = YES_AGGRESSIVE;
				GCC_WARN_UNUSED_FUNCTION = YES;
				GCC_WARN_UNUSED_VARIABLE = YES;
				IPHONEOS_DEPLOYMENT_TARGET = 14.4;
				MTL_ENABLE_DEBUG_INFO = NO;
				MTL_FAST_MATH = YES;
				SDKROOT = iphoneos;
				SWIFT_COMPILATION_MODE = wholemodule;
				SWIFT_OPTIMIZATION_LEVEL = "-O";
				VALIDATE_PRODUCT = YES;
			};
			name = Release;
		};
		023CADF326AE51160092EB89 /* Debug */ = {
			isa = XCBuildConfiguration;
			baseConfigurationReference = 7B1F3400F07EA134CF8364BA /* Pods-KakaoMakers.debug.xcconfig */;
			buildSettings = {
				ASSETCATALOG_COMPILER_APPICON_NAME = AppIcon;
				ASSETCATALOG_COMPILER_GLOBAL_ACCENT_COLOR_NAME = AccentColor;
				CODE_SIGN_STYLE = Automatic;
				DEVELOPMENT_TEAM = MK3P338UQW;
				INFOPLIST_FILE = KakaoMakers/Info.plist;
				LD_RUNPATH_SEARCH_PATHS = (
					"$(inherited)",
					"@executable_path/Frameworks",
				);
				PRODUCT_BUNDLE_IDENTIFIER = com.mizy.KakaoMakers;
				PRODUCT_NAME = "$(TARGET_NAME)";
				SWIFT_VERSION = 5.0;
				TARGETED_DEVICE_FAMILY = "1,2";
			};
			name = Debug;
		};
		023CADF426AE51160092EB89 /* Release */ = {
			isa = XCBuildConfiguration;
			baseConfigurationReference = DF870AFBDA3A835B56273CF6 /* Pods-KakaoMakers.release.xcconfig */;
			buildSettings = {
				ASSETCATALOG_COMPILER_APPICON_NAME = AppIcon;
				ASSETCATALOG_COMPILER_GLOBAL_ACCENT_COLOR_NAME = AccentColor;
				CODE_SIGN_STYLE = Automatic;
				DEVELOPMENT_TEAM = MK3P338UQW;
				INFOPLIST_FILE = KakaoMakers/Info.plist;
				LD_RUNPATH_SEARCH_PATHS = (
					"$(inherited)",
					"@executable_path/Frameworks",
				);
				PRODUCT_BUNDLE_IDENTIFIER = com.mizy.KakaoMakers;
				PRODUCT_NAME = "$(TARGET_NAME)";
				SWIFT_VERSION = 5.0;
				TARGETED_DEVICE_FAMILY = "1,2";
			};
			name = Release;
		};
/* End XCBuildConfiguration section */

/* Begin XCConfigurationList section */
		023CADD926AE51150092EB89 /* Build configuration list for PBXProject "KakaoMakers" */ = {
			isa = XCConfigurationList;
			buildConfigurations = (
				023CADF026AE51160092EB89 /* Debug */,
				023CADF126AE51160092EB89 /* Release */,
			);
			defaultConfigurationIsVisible = 0;
			defaultConfigurationName = Release;
		};
		023CADF226AE51160092EB89 /* Build configuration list for PBXNativeTarget "KakaoMakers" */ = {
			isa = XCConfigurationList;
			buildConfigurations = (
				023CADF326AE51160092EB89 /* Debug */,
				023CADF426AE51160092EB89 /* Release */,
			);
			defaultConfigurationIsVisible = 0;
			defaultConfigurationName = Release;
		};
/* End XCConfigurationList section */
	};
	rootObject = 023CADD626AE51150092EB89 /* Project object */;
}
